
Microsoft Visual Studio Solution File, Format Version 11.00
# Visual Web Developer Express 2010
Project("{FAE04EC0-301F-11D3-BF4B-00C04F79EFBC}") = "MvcApplication1", "MvcApplication1\MvcApplication1.csproj", "{10A5D878-CF1C-42D5-9F89-6F2C2B04318C}"
EndProject
Global
	GlobalSection(SolutionConfigurationPlatforms) = preSolution
		Debug|Any CPU = Debug|Any CPU
		Release|Any CPU = Release|Any CPU
	EndGlobalSection
	GlobalSection(ProjectConfigurationPlatforms) = postSolution
		{10A5D878-CF1C-42D5-9F89-6F2C2B04318C}.Debug|Any CPU.ActiveCfg = Debug|Any CPU
		{10A5D878-CF1C-42D5-9F89-6F2C2B04318C}.Debug|Any CPU.Build.0 = Debug|Any CPU
		{10A5D878-CF1C-42D5-9F89-6F2C2B04318C}.Release|Any CPU.ActiveCfg = Release|Any CPU
		{10A5D878-CF1C-42D5-9F89-6F2C2B04318C}.Release|Any CPU.Build.0 = Release|Any CPU
	EndGlobalSection
	GlobalSection(SolutionProperties) = preSolution
		HideSolutionNode = FALSE
	EndGlobalSection
EndGlobal
